PODS:
  - EFExpandableCollectionView (0.1.0)

DEPENDENCIES:
  - EFExpandableCollectionView (from `../`)

EXTERNAL SOURCES:
  EFExpandableCollectionView:
    :path: "../"

SPEC CHECKSUMS:
  EFExpandableCollectionView: a2e284ceb331e8efe9535451843b83fa12b5de28

PODFILE CHECKSUM: 8c1c16523892d3b69dd53b1f77d2a8757f11565f

COCOAPODS: 1.5.3
