PODS:
  - EFExpandableCollectionView (0.1.0)
  - FBSnapshotTestCase (2.1.4):
    - FBSnapshotTestCase/SwiftSupport (= 2.1.4)
  - FBSnapshotTestCase/Core (2.1.4)
  - FBSnapshotTestCase/SwiftSupport (2.1.4):
    - FBSnapshotTestCase/Core

DEPENDENCIES:
  - EFExpandableCollectionView (from `../`)
  - FBSnapshotTestCase

EXTERNAL SOURCES:
  EFExpandableCollectionView:
    :path: ../

SPEC CHECKSUMS:
  EFExpandableCollectionView: fa189c5afc6f49dff2f7ec206ef4b6a2c73cdb38
  FBSnapshotTestCase: 094f9f314decbabe373b87cc339bea235a63e07a

PODFILE CHECKSUM: d5359b7ef85ea2370b5997c78013d5e4e5ea7c49

COCOAPODS: 1.2.1
